<Solution>
<<<<<<< Updated upstream
=======
  <Project Path="Assembly-CSharp-Editor.csproj" />
<<<<<<< HEAD
>>>>>>> Stashed changes
=======
>>>>>>> ea35198 (아트)
  <Project Path="Assembly-CSharp.csproj" />
  <Project Path="McpUnity.Editor.csproj" />
  <Project Path="Assembly-CSharp-Editor.csproj" />
</Solution>
